
Microsoft Visual Studio Solution File, Format Version 12.00
# Visual Studio Version 17
VisualStudioVersion = 17.0.31903.59
MinimumVisualStudioVersion = 10.0.40219.1
Project("{2150E333-8FDC-42A3-9474-1A3956D46DE8}") = "src", "src", "{827E0CD3-B72D-47B6-A68D-7590B98EB39B}"
EndProject
Project("{FAE04EC0-301F-11D3-BF4B-00C04F79EFBC}") = "CloudKnowledge.Api", "src\CloudKnowledge.Api\CloudKnowledge.Api.csproj", "{6AB909C7-282E-4076-AFAF-85245BBBEE1B}"
EndProject
Project("{FAE04EC0-301F-11D3-BF4B-00C04F79EFBC}") = "CloudKnowledge.Application", "src\CloudKnowledge.Application\CloudKnowledge.Application.csproj", "{7823B6C4-4426-409C-83E3-5B5B20B52C9B}"
EndProject
Project("{FAE04EC0-301F-11D3-BF4B-00C04F79EFBC}") = "CloudKnowledge.Infrastructure", "src\CloudKnowledge.Infrastructure\CloudKnowledge.Infrastructure.csproj", "{15DAA1FE-1930-45E4-87C9-28E5941F54EC}"
EndProject
Project("{2150E333-8FDC-42A3-9474-1A3956D46DE8}") = "tests", "tests", "{0AB3BF05-4346-4AA6-1389-037BE0695223}"
EndProject
Project("{FAE04EC0-301F-11D3-BF4B-00C04F79EFBC}") = "CloudKnowledge.Tests", "tests\CloudKnowledge.Tests\CloudKnowledge.Tests.csproj", "{6BCDB437-9698-4558-B78D-3F765B9BAC6D}"
EndProject
Global
	GlobalSection(SolutionConfigurationPlatforms) = preSolution
		Debug|Any CPU = Debug|Any CPU
		Debug|x64 = Debug|x64
		Debug|x86 = Debug|x86
		Release|Any CPU = Release|Any CPU
		Release|x64 = Release|x64
		Release|x86 = Release|x86
	EndGlobalSection
	GlobalSection(ProjectConfigurationPlatforms) = postSolution
		{6AB909C7-282E-4076-AFAF-85245BBBEE1B}.Debug|Any CPU.ActiveCfg = Debug|Any CPU
		{6AB909C7-282E-4076-AFAF-85245BBBEE1B}.Debug|Any CPU.Build.0 = Debug|Any CPU
		{6AB909C7-282E-4076-AFAF-85245BBBEE1B}.Debug|x64.ActiveCfg = Debug|Any CPU
		{6AB909C7-282E-4076-AFAF-85245BBBEE1B}.Debug|x64.Build.0 = Debug|Any CPU
		{6AB909C7-282E-4076-AFAF-85245BBBEE1B}.Debug|x86.ActiveCfg = Debug|Any CPU
		{6AB909C7-282E-4076-AFAF-85245BBBEE1B}.Debug|x86.Build.0 = Debug|Any CPU
		{6AB909C7-282E-4076-AFAF-85245BBBEE1B}.Release|Any CPU.ActiveCfg = Release|Any CPU
		{6AB909C7-282E-4076-AFAF-85245BBBEE1B}.Release|Any CPU.Build.0 = Release|Any CPU
		{6AB909C7-282E-4076-AFAF-85245BBBEE1B}.Release|x64.ActiveCfg = Release|Any CPU
		{6AB909C7-282E-4076-AFAF-85245BBBEE1B}.Release|x64.Build.0 = Release|Any CPU
		{6AB909C7-282E-4076-AFAF-85245BBBEE1B}.Release|x86.ActiveCfg = Release|Any CPU
		{6AB909C7-282E-4076-AFAF-85245BBBEE1B}.Release|x86.Build.0 = Release|Any CPU
		{7823B6C4-4426-409C-83E3-5B5B20B52C9B}.Debug|Any CPU.ActiveCfg = Debug|Any CPU
		{7823B6C4-4426-409C-83E3-5B5B20B52C9B}.Debug|Any CPU.Build.0 = Debug|Any CPU
		{7823B6C4-4426-409C-83E3-5B5B20B52C9B}.Debug|x64.ActiveCfg = Debug|Any CPU
		{7823B6C4-4426-409C-83E3-5B5B20B52C9B}.Debug|x64.Build.0 = Debug|Any CPU
		{7823B6C4-4426-409C-83E3-5B5B20B52C9B}.Debug|x86.ActiveCfg = Debug|Any CPU
		{7823B6C4-4426-409C-83E3-5B5B20B52C9B}.Debug|x86.Build.0 = Debug|Any CPU
		{7823B6C4-4426-409C-83E3-5B5B20B52C9B}.Release|Any CPU.ActiveCfg = Release|Any CPU
		{7823B6C4-4426-409C-83E3-5B5B20B52C9B}.Release|Any CPU.Build.0 = Release|Any CPU
		{7823B6C4-4426-409C-83E3-5B5B20B52C9B}.Release|x64.ActiveCfg = Release|Any CPU
		{7823B6C4-4426-409C-83E3-5B5B20B52C9B}.Release|x64.Build.0 = Release|Any CPU
		{7823B6C4-4426-409C-83E3-5B5B20B52C9B}.Release|x86.ActiveCfg = Release|Any CPU
		{7823B6C4-4426-409C-83E3-5B5B20B52C9B}.Release|x86.Build.0 = Release|Any CPU
		{15DAA1FE-1930-45E4-87C9-28E5941F54EC}.Debug|Any CPU.ActiveCfg = Debug|Any CPU
		{15DAA1FE-1930-45E4-87C9-28E5941F54EC}.Debug|Any CPU.Build.0 = Debug|Any CPU
		{15DAA1FE-1930-45E4-87C9-28E5941F54EC}.Debug|x64.ActiveCfg = Debug|Any CPU
		{15DAA1FE-1930-45E4-87C9-28E5941F54EC}.Debug|x64.Build.0 = Debug|Any CPU
		{15DAA1FE-1930-45E4-87C9-28E5941F54EC}.Debug|x86.ActiveCfg = Debug|Any CPU
		{15DAA1FE-1930-45E4-87C9-28E5941F54EC}.Debug|x86.Build.0 = Debug|Any CPU
		{15DAA1FE-1930-45E4-87C9-28E5941F54EC}.Release|Any CPU.ActiveCfg = Release|Any CPU
		{15DAA1FE-1930-45E4-87C9-28E5941F54EC}.Release|Any CPU.Build.0 = Release|Any CPU
		{15DAA1FE-1930-45E4-87C9-28E5941F54EC}.Release|x64.ActiveCfg = Release|Any CPU
		{15DAA1FE-1930-45E4-87C9-28E5941F54EC}.Release|x64.Build.0 = Release|Any CPU
		{15DAA1FE-1930-45E4-87C9-28E5941F54EC}.Release|x86.ActiveCfg = Release|Any CPU
		{15DAA1FE-1930-45E4-87C9-28E5941F54EC}.Release|x86.Build.0 = Release|Any CPU
		{6BCDB437-9698-4558-B78D-3F765B9BAC6D}.Debug|Any CPU.ActiveCfg = Debug|Any CPU
		{6BCDB437-9698-4558-B78D-3F765B9BAC6D}.Debug|Any CPU.Build.0 = Debug|Any CPU
		{6BCDB437-9698-4558-B78D-3F765B9BAC6D}.Debug|x64.ActiveCfg = Debug|Any CPU
		{6BCDB437-9698-4558-B78D-3F765B9BAC6D}.Debug|x64.Build.0 = Debug|Any CPU
		{6BCDB437-9698-4558-B78D-3F765B9BAC6D}.Debug|x86.ActiveCfg = Debug|Any CPU
		{6BCDB437-9698-4558-B78D-3F765B9BAC6D}.Debug|x86.Build.0 = Debug|Any CPU
		{6BCDB437-9698-4558-B78D-3F765B9BAC6D}.Release|Any CPU.ActiveCfg = Release|Any CPU
		{6BCDB437-9698-4558-B78D-3F765B9BAC6D}.Release|Any CPU.Build.0 = Release|Any CPU
		{6BCDB437-9698-4558-B78D-3F765B9BAC6D}.Release|x64.ActiveCfg = Release|Any CPU
		{6BCDB437-9698-4558-B78D-3F765B9BAC6D}.Release|x64.Build.0 = Release|Any CPU
		{6BCDB437-9698-4558-B78D-3F765B9BAC6D}.Release|x86.ActiveCfg = Release|Any CPU
		{6BCDB437-9698-4558-B78D-3F765B9BAC6D}.Release|x86.Build.0 = Release|Any CPU
	EndGlobalSection
	GlobalSection(SolutionProperties) = preSolution
		HideSolutionNode = FALSE
	EndGlobalSection
	GlobalSection(NestedProjects) = preSolution
		{6AB909C7-282E-4076-AFAF-85245BBBEE1B} = {827E0CD3-B72D-47B6-A68D-7590B98EB39B}
		{7823B6C4-4426-409C-83E3-5B5B20B52C9B} = {827E0CD3-B72D-47B6-A68D-7590B98EB39B}
		{15DAA1FE-1930-45E4-87C9-28E5941F54EC} = {827E0CD3-B72D-47B6-A68D-7590B98EB39B}
		{6BCDB437-9698-4558-B78D-3F765B9BAC6D} = {0AB3BF05-4346-4AA6-1389-037BE0695223}
	EndGlobalSection
EndGlobal
